
Microsoft Visual Studio Solution File, Format Version 12.00
# Visual Studio 15
VisualStudioVersion = 15.0.27130.2027
MinimumVisualStudioVersion = 10.0.40219.1
Project("{FAE04EC0-301F-11D3-BF4B-00C04F79EFBC}") = "LearningNetCore2018", "LearningNetCore2018\LearningNetCore2018.csproj", "{D2878C60-618E-490D-B5FD-979EC1CCB380}"
EndProject
Global
	GlobalSection(SolutionConfigurationPlatforms) = preSolution
		Debug|Any CPU = Debug|Any CPU
		Release|Any CPU = Release|Any CPU
	EndGlobalSection
	GlobalSection(ProjectConfigurationPlatforms) = postSolution
		{D2878C60-618E-490D-B5FD-979EC1CCB380}.Debug|Any CPU.ActiveCfg = Debug|Any CPU
		{D2878C60-618E-490D-B5FD-979EC1CCB380}.Debug|Any CPU.Build.0 = Debug|Any CPU
		{D2878C60-618E-490D-B5FD-979EC1CCB380}.Release|Any CPU.ActiveCfg = Release|Any CPU
		{D2878C60-618E-490D-B5FD-979EC1CCB380}.Release|Any CPU.Build.0 = Release|Any CPU
	EndGlobalSection
	GlobalSection(SolutionProperties) = preSolution
		HideSolutionNode = FALSE
	EndGlobalSection
	GlobalSection(ExtensibilityGlobals) = postSolution
		SolutionGuid = {AC713E79-E557-4A47-97B8-AD42A2D822A2}
	EndGlobalSection
EndGlobal
